// !$*UTF8*$!
{
	archiveVersion = 1;
	classes = {
	};
	objectVersion = 77;
	objects = {

/* Begin PBXContainerItemProxy section */
		90769B7E2CF1E84800D0EC05 /* PBXContainerItemProxy */ = {
			isa = PBXContainerItemProxy;
			containerPortal = 90769B652CF1E84700D0EC05 /* Project object */;
			proxyType = 1;
			remoteGlobalIDString = 90769B6C2CF1E84700D0EC05;
			remoteInfo = LibraryFix;
		};
		90769B882CF1E84800D0EC05 /* PBXContainerItemProxy */ = {
			isa = PBXContainerItemProxy;
			containerPortal = 90769B652CF1E84700D0EC05 /* Project object */;
			proxyType = 1;
			remoteGlobalIDString = 90769B6C2CF1E84700D0EC05;
			remoteInfo = LibraryFix;
		};
/* End PBXContainerItemProxy section */

/* Begin PBXFileReference section */
		90769B6D2CF1E84700D0EC05 /* LibraryFix.app */ = {isa = PBXFileReference; explicitFileType = wrapper.application; includeInIndex = 0; path = LibraryFix.app; sourceTree = BUILT_PRODUCTS_DIR; };
		90769B7D2CF1E84800D0EC05 /* LibraryFixTests.xctest */ = {isa = PBXFileReference; explicitFileType = wrapper.cfbundle; includeInIndex = 0; path = LibraryFixTests.xctest; sourceTree = BUILT_PRODUCTS_DIR; };
		90769B872CF1E84800D0EC05 /* LibraryFixUITests.xctest */ = {isa = PBXFileReference; explicitFileType = wrapper.cfbundle; includeInIndex = 0; path = LibraryFixUITests.xctest; sourceTree = BUILT_PRODUCTS_DIR; };
/* End PBXFileReference section */

/* Begin PBXFileSystemSynchronizedRootGroup section */
		90769B6F2CF1E84700D0EC05 /* LibraryFix */ = {
			isa = PBXFileSystemSynchronizedRootGroup;
			path = LibraryFix;
			sourceTree = "<group>";
		};
		90769B802CF1E84800D0EC05 /* LibraryFixTests */ = {
			isa = PBXFileSystemSynchronizedRootGroup;
			path = LibraryFixTests;
			sourceTree = "<group>";
		};
		90769B8A2CF1E84800D0EC05 /* LibraryFixUITests */ = {
			isa = PBXFileSystemSynchronizedRootGroup;
			path = LibraryFixUITests;
			sourceTree = "<group>";
		};
/* End PBXFileSystemSynchronizedRootGroup section */

/* Begin PBXFrameworksBuildPhase section */
		90769B6A2CF1E84700D0EC05 /* Frameworks */ = {
			isa = PBXFrameworksBuildPhase;
			buildActionMask = 2147483647;
			files = (
			);
			runOnlyForDeploymentPostprocessing = 0;
		};
		90769B7A2CF1E84800D0EC05 /* Frameworks */ = {
			isa = PBXFrameworksBuildPhase;
			buildActionMask = 2147483647;
			files = (
			);
			runOnlyForDeploymentPostprocessing = 0;
		};
		90769B842CF1E84800D0EC05 /* Frameworks */ = {
			isa = PBXFrameworksBuildPhase;
			buildActionMask = 2147483647;
			files = (
			);
			runOnlyForDeploymentPostprocessing = 0;
		};
/* End PBXFrameworksBuildPhase section */

/* Begin PBXGroup section */
		90769B642CF1E84700D0EC05 = {
			isa = PBXGroup;
			children = (
				90769B6F2CF1E84700D0EC05 /* LibraryFix */,
				90769B802CF1E84800D0EC05 /* LibraryFixTests */,
				90769B8A2CF1E84800D0EC05 /* LibraryFixUITests */,
				90769B6E2CF1E84700D0EC05 /* Products */,
			);
			sourceTree = "<group>";
		};
		90769B6E2CF1E84700D0EC05 /* Products */ = {
			isa = PBXGroup;
			children = (
				90769B6D2CF1E84700D0EC05 /* LibraryFix.app */,
				90769B7D2CF1E84800D0EC05 /* LibraryFixTests.xctest */,
				90769B872CF1E84800D0EC05 /* LibraryFixUITests.xctest */,
			);
			name = Products;
			sourceTree = "<group>";
		};
/* End PBXGroup section */

/* Begin PBXNativeTarget section */
		90769B6C2CF1E84700D0EC05 /* LibraryFix */ = {
			isa = PBXNativeTarget;
			buildConfigurationList = 90769B912CF1E84800D0EC05 /* Build configuration list for PBXNativeTarget "LibraryFix" */;
			buildPhases = (
				90769B692CF1E84700D0EC05 /* Sources */,
				90769B6A2CF1E84700D0EC05 /* Frameworks */,
				90769B6B2CF1E84700D0EC05 /* Resources */,
			);
			buildRules = (
			);
			dependencies = (
			);
			fileSystemSynchronizedGroups = (
				90769B6F2CF1E84700D0EC05 /* LibraryFix */,
			);
			name = LibraryFix;
			packageProductDependencies = (
			);
			productName = LibraryFix;
			productReference = 90769B6D2CF1E84700D0EC05 /* LibraryFix.app */;
			productType = "com.apple.product-type.application";
		};
		90769B7C2CF1E84800D0EC05 /* LibraryFixTests */ = {
			isa = PBXNativeTarget;
			buildConfigurationList = 90769B942CF1E84800D0EC05 /* Build configuration list for PBXNativeTarget "LibraryFixTests" */;
			buildPhases = (
				90769B792CF1E84800D0EC05 /* Sources */,
				90769B7A2CF1E84800D0EC05 /* Frameworks */,
				90769B7B2CF1E84800D0EC05 /* Resources */,
			);
			buildRules = (
			);
			dependencies = (
				90769B7F2CF1E84800D0EC05 /* PBXTargetDependency */,
			);
			fileSystemSynchronizedGroups = (
				90769B802CF1E84800D0EC05 /* LibraryFixTests */,
			);
			name = LibraryFixTests;
			packageProductDependencies = (
			);
			productName = LibraryFixTests;
			productReference = 90769B7D2CF1E84800D0EC05 /* LibraryFixTests.xctest */;
			productType = "com.apple.product-type.bundle.unit-test";
		};
		90769B862CF1E84800D0EC05 /* LibraryFixUITests */ = {
			isa = PBXNativeTarget;
			buildConfigurationList = 90769B972CF1E84800D0EC05 /* Build configuration list for PBXNativeTarget "LibraryFixUITests" */;
			buildPhases = (
				90769B832CF1E84800D0EC05 /* Sources */,
				90769B842CF1E84800D0EC05 /* Frameworks */,
				90769B852CF1E84800D0EC05 /* Resources */,
			);
			buildRules = (
			);
			dependencies = (
				90769B892CF1E84800D0EC05 /* PBXTargetDependency */,
			);
			fileSystemSynchronizedGroups = (
				90769B8A2CF1E84800D0EC05 /* LibraryFixUITests */,
			);
			name = LibraryFixUITests;
			packageProductDependencies = (
			);
			productName = LibraryFixUITests;
			productReference = 90769B872CF1E84800D0EC05 /* LibraryFixUITests.xctest */;
			productType = "com.apple.product-type.bundle.ui-testing";
		};
/* End PBXNativeTarget section */

/* Begin PBXProject section */
		90769B652CF1E84700D0EC05 /* Project object */ = {
			isa = PBXProject;
			attributes = {
				BuildIndependentTargetsInParallel = 1;
				LastSwiftUpdateCheck = 1600;
				LastUpgradeCheck = 1600;
				TargetAttributes = {
					90769B6C2CF1E84700D0EC05 = {
						CreatedOnToolsVersion = 16.0;
					};
					90769B7C2CF1E84800D0EC05 = {
						CreatedOnToolsVersion = 16.0;
						TestTargetID = 90769B6C2CF1E84700D0EC05;
					};
					90769B862CF1E84800D0EC05 = {
						CreatedOnToolsVersion = 16.0;
						TestTargetID = 90769B6C2CF1E84700D0EC05;
					};
				};
			};
			buildConfigurationList = 90769B682CF1E84700D0EC05 /* Build configuration list for PBXProject "LibraryFix" */;
			developmentRegion = en;
			hasScannedForEncodings = 0;
			knownRegions = (
				en,
				Base,
			);
			mainGroup = 90769B642CF1E84700D0EC05;
			minimizedProjectReferenceProxies = 1;
			preferredProjectObjectVersion = 77;
			productRefGroup = 90769B6E2CF1E84700D0EC05 /* Products */;
			projectDirPath = "";
			projectRoot = "";
			targets = (
				90769B6C2CF1E84700D0EC05 /* LibraryFix */,
				90769B7C2CF1E84800D0EC05 /* LibraryFixTests */,
				90769B862CF1E84800D0EC05 /* LibraryFixUITests */,
			);
		};
/* End PBXProject section */

/* Begin PBXResourcesBuildPhase section */
		90769B6B2CF1E84700D0EC05 /* Resources */ = {
			isa = PBXResourcesBuildPhase;
			buildActionMask = 2147483647;
			files = (
			);
			runOnlyForDeploymentPostprocessing = 0;
		};
		90769B7B2CF1E84800D0EC05 /* Resources */ = {
			isa = PBXResourcesBuildPhase;
			buildActionMask = 2147483647;
			files = (
			);
			runOnlyForDeploymentPostprocessing = 0;
		};
		90769B852CF1E84800D0EC05 /* Resources */ = {
			isa = PBXResourcesBuildPhase;
			buildActionMask = 2147483647;
			files = (
			);
			runOnlyForDeploymentPostprocessing = 0;
		};
/* End PBXResourcesBuildPhase section */

/* Begin PBXSourcesBuildPhase section */
		90769B692CF1E84700D0EC05 /* Sources */ = {
			isa = PBXSourcesBuildPhase;
			buildActionMask = 2147483647;
			files = (
			);
			runOnlyForDeploymentPostprocessing = 0;
		};
		90769B792CF1E84800D0EC05 /* Sources */ = {
			isa = PBXSourcesBuildPhase;
			buildActionMask = 2147483647;
			files = (
			);
			runOnlyForDeploymentPostprocessing = 0;
		};
		90769B832CF1E84800D0EC05 /* Sources */ = {
			isa = PBXSourcesBuildPhase;
			buildActionMask = 2147483647;
			files = (
			);
			runOnlyForDeploymentPostprocessing = 0;
		};
/* End PBXSourcesBuildPhase section */

/* Begin PBXTargetDependency section */
		90769B7F2CF1E84800D0EC05 /* PBXTargetDependency */ = {
			isa = PBXTargetDependency;
			target = 90769B6C2CF1E84700D0EC05 /* LibraryFix */;
			targetProxy = 90769B7E2CF1E84800D0EC05 /* PBXContainerItemProxy */;
		};
		90769B892CF1E84800D0EC05 /* PBXTargetDependency */ = {
			isa = PBXTargetDependency;
			target = 90769B6C2CF1E84700D0EC05 /* LibraryFix */;
			targetProxy = 90769B882CF1E84800D0EC05 /* PBXContainerItemProxy */;
		};
/* End PBXTargetDependency section */

/* Begin XCBuildConfiguration section */
		90769B8F2CF1E84800D0EC05 /* Debug */ = {
			isa = XCBuildConfiguration;
			buildSettings = {
				ALWAYS_SEARCH_USER_PATHS = NO;
				ASSETCATALOG_COMPILER_GENERATE_SWIFT_ASSET_SYMBOL_EXTENSIONS = YES;
				CLANG_ANALYZER_NONNULL = YES;
				CLANG_ANALYZER_NUMBER_OBJECT_CONVERSION = YES_AGGRESSIVE;
				CLANG_CXX_LANGUAGE_STANDARD = "gnu++20";
				CLANG_ENABLE_MODULES = YES;
				CLANG_ENABLE_OBJC_ARC = YES;
				CLANG_ENABLE_OBJC_WEAK = YES;
				CLANG_WARN_BLOCK_CAPTURE_AUTORELEASING = YES;
				CLANG_WARN_BOOL_CONVERSION = YES;
				CLANG_WARN_COMMA = YES;
				CLANG_WARN_CONSTANT_CONVERSION = YES;
				CLANG_WARN_DEPRECATED_OBJC_IMPLEMENTATIONS = YES;
				CLANG_WARN_DIRECT_OBJC_ISA_USAGE = YES_ERROR;
				CLANG_WARN_DOCUMENTATION_COMMENTS = YES;
				CLANG_WARN_EMPTY_BODY = YES;
				CLANG_WARN_ENUM_CONVERSION = YES;
				CLANG_WARN_INFINITE_RECURSION = YES;
				CLANG_WARN_INT_CONVERSION = YES;
				CLANG_WARN_NON_LITERAL_NULL_CONVERSION = YES;
				CLANG_WARN_OBJC_IMPLICIT_RETAIN_SELF = YES;
				CLANG_WARN_OBJC_LITERAL_CONVERSION = YES;
				CLANG_WARN_OBJC_ROOT_CLASS = YES_ERROR;
				CLANG_WARN_QUOTED_INCLUDE_IN_FRAMEWORK_HEADER = YES;
				CLANG_WARN_RANGE_LOOP_ANALYSIS = YES;
				CLANG_WARN_STRICT_PROTOTYPES = YES;
				CLANG_WARN_SUSPICIOUS_MOVE = YES;
				CLANG_WARN_UNGUARDED_AVAILABILITY = YES_AGGRESSIVE;
				CLANG_WARN_UNREACHABLE_CODE = YES;
				CLANG_WARN__DUPLICATE_METHOD_MATCH = YES;
				COPY_PHASE_STRIP = NO;
				DEBUG_INFORMATION_FORMAT = dwarf;
				ENABLE_STRICT_OBJC_MSGSEND = YES;
				ENABLE_TESTABILITY = YES;
				ENABLE_USER_SCRIPT_SANDBOXING = YES;
				GCC_C_LANGUAGE_STANDARD = gnu17;
				GCC_DYNAMIC_NO_PIC = NO;
				GCC_NO_COMMON_BLOCKS = YES;
				GCC_OPTIMIZATION_LEVEL = 0;
				GCC_PREPROCESSOR_DEFINITIONS = (
					"DEBUG=1",
					"$(inherited)",
				);
				GCC_WARN_64_TO_32_BIT_CONVERSION = YES;
				GCC_WARN_ABOUT_RETURN_TYPE = YES_ERROR;
				GCC_WARN_UNDECLARED_SELECTOR = YES;
				GCC_WARN_UNINITIALIZED_AUTOS = YES_AGGRESSIVE;
				GCC_WARN_UNUSED_FUNCTION = YES;
				GCC_WARN_UNUSED_VARIABLE = YES;
				IPHONEOS_DEPLOYMENT_TARGET = 18.0;
				LOCALIZATION_PREFERS_STRING_CATALOGS = YES;
				MTL_ENABLE_DEBUG_INFO = INCLUDE_SOURCE;
				MTL_FAST_MATH = YES;
				ONLY_ACTIVE_ARCH = YES;
				SDKROOT = iphoneos;
				SWIFT_ACTIVE_COMPILATION_CONDITIONS = "DEBUG $(inherited)";
				SWIFT_OPTIMIZATION_LEVEL = "-Onone";
			};
			name = Debug;
		};
		90769B902CF1E84800D0EC05 /* Release */ = {
			isa = XCBuildConfiguration;
			buildSettings = {
				ALWAYS_SEARCH_USER_PATHS = NO;
				ASSETCATALOG_COMPILER_GENERATE_SWIFT_ASSET_SYMBOL_EXTENSIONS = YES;
				CLANG_ANALYZER_NONNULL = YES;
				CLANG_ANALYZER_NUMBER_OBJECT_CONVERSION = YES_AGGRESSIVE;
				CLANG_CXX_LANGUAGE_STANDARD = "gnu++20";
				CLANG_ENABLE_MODULES = YES;
				CLANG_ENABLE_OBJC_ARC = YES;
				CLANG_ENABLE_OBJC_WEAK = YES;
				CLANG_WARN_BLOCK_CAPTURE_AUTORELEASING = YES;
				CLANG_WARN_BOOL_CONVERSION = YES;
				CLANG_WARN_COMMA = YES;
				CLANG_WARN_CONSTANT_CONVERSION = YES;
				CLANG_WARN_DEPRECATED_OBJC_IMPLEMENTATIONS = YES;
				CLANG_WARN_DIRECT_OBJC_ISA_USAGE = YES_ERROR;
				CLANG_WARN_DOCUMENTATION_COMMENTS = YES;
				CLANG_WARN_EMPTY_BODY = YES;
				CLANG_WARN_ENUM_CONVERSION = YES;
				CLANG_WARN_INFINITE_RECURSION = YES;
				CLANG_WARN_INT_CONVERSION = YES;
				CLANG_WARN_NON_LITERAL_NULL_CONVERSION = YES;
				CLANG_WARN_OBJC_IMPLICIT_RETAIN_SELF = YES;
				CLANG_WARN_OBJC_LITERAL_CONVERSION = YES;
				CLANG_WARN_OBJC_ROOT_CLASS = YES_ERROR;
				CLANG_WARN_QUOTED_INCLUDE_IN_FRAMEWORK_HEADER = YES;
				CLANG_WARN_RANGE_LOOP_ANALYSIS = YES;
				CLANG_WARN_STRICT_PROTOTYPES = YES;
				CLANG_WARN_SUSPICIOUS_MOVE = YES;
				CLANG_WARN_UNGUARDED_AVAILABILITY = YES_AGGRESSIVE;
				CLANG_WARN_UNREACHABLE_CODE = YES;
				CLANG_WARN__DUPLICATE_METHOD_MATCH = YES;
				COPY_PHASE_STRIP = NO;
				DEBUG_INFORMATION_FORMAT = "dwarf-with-dsym";
				ENABLE_NS_ASSERTIONS = NO;
				ENABLE_STRICT_OBJC_MSGSEND = YES;
				ENABLE_USER_SCRIPT_SANDBOXING = YES;
				GCC_C_LANGUAGE_STANDARD = gnu17;
				GCC_NO_COMMON_BLOCKS = YES;
				GCC_WARN_64_TO_32_BIT_CONVERSION = YES;
				GCC_WARN_ABOUT_RETURN_TYPE = YES_ERROR;
				GCC_WARN_UNDECLARED_SELECTOR = YES;
				GCC_WARN_UNINITIALIZED_AUTOS = YES_AGGRESSIVE;
				GCC_WARN_UNUSED_FUNCTION = YES;
				GCC_WARN_UNUSED_VARIABLE = YES;
				IPHONEOS_DEPLOYMENT_TARGET = 18.0;
				LOCALIZATION_PREFERS_STRING_CATALOGS = YES;
				MTL_ENABLE_DEBUG_INFO = NO;
				MTL_FAST_MATH = YES;
				SDKROOT = iphoneos;
				SWIFT_COMPILATION_MODE = wholemodule;
				VALIDATE_PRODUCT = YES;
			};
			name = Release;
		};
		90769B922CF1E84800D0EC05 /* Debug */ = {
			isa = XCBuildConfiguration;
			buildSettings = {
				ASSETCATALOG_COMPILER_APPICON_NAME = AppIcon;
				ASSETCATALOG_COMPILER_GLOBAL_ACCENT_COLOR_NAME = AccentColor;
				CODE_SIGN_STYLE = Automatic;
				CURRENT_PROJECT_VERSION = 1;
				DEVELOPMENT_ASSET_PATHS = "\"LibraryFix/Preview Content\"";
				DEVELOPMENT_TEAM = 4C9DP8TQPJ;
				ENABLE_PREVIEWS = YES;
				GENERATE_INFOPLIST_FILE = YES;
				INFOPLIST_KEY_UIApplicationSceneManifest_Generation = YES;
				INFOPLIST_KEY_UIApplicationSupportsIndirectInputEvents = YES;
				INFOPLIST_KEY_UILaunchScreen_Generation = YES;
				INFOPLIST_KEY_UISupportedInterfaceOrientations_iPad = "UIInterfaceOrientationPortrait UIInterfaceOrientationPortraitUpsideDown UIInterfaceOrientationLandscapeLeft UIInterfaceOrientationLandscapeRight";
				INFOPLIST_KEY_UISupportedInterfaceOrientations_iPhone = "UIInterfaceOrientationPortrait UIInterfaceOrientationLandscapeLeft UIInterfaceOrientationLandscapeRight";
				LD_RUNPATH_SEARCH_PATHS = (
					"$(inherited)",
					"@executable_path/Frameworks",
				);
				MARKETING_VERSION = 1.0;
				PRODUCT_BUNDLE_IDENTIFIER = apple.dev.LibraryFix;
				PRODUCT_NAME = "$(TARGET_NAME)";
				SWIFT_EMIT_LOC_STRINGS = YES;
				SWIFT_VERSION = 5.0;
				TARGETED_DEVICE_FAMILY = "1,2";
			};
			name = Debug;
		};
		90769B932CF1E84800D0EC05 /* Release */ = {
			isa = XCBuildConfiguration;
			buildSettings = {
				ASSETCATALOG_COMPILER_APPICON_NAME = AppIcon;
				ASSETCATALOG_COMPILER_GLOBAL_ACCENT_COLOR_NAME = AccentColor;
				CODE_SIGN_STYLE = Automatic;
				CURRENT_PROJECT_VERSION = 1;
				DEVELOPMENT_ASSET_PATHS = "\"LibraryFix/Preview Content\"";
				DEVELOPMENT_TEAM = 4C9DP8TQPJ;
				ENABLE_PREVIEWS = YES;
				GENERATE_INFOPLIST_FILE = YES;
				INFOPLIST_KEY_UIApplicationSceneManifest_Generation = YES;
				INFOPLIST_KEY_UIApplicationSupportsIndirectInputEvents = YES;
				INFOPLIST_KEY_UILaunchScreen_Generation = YES;
				INFOPLIST_KEY_UISupportedInterfaceOrientations_iPad = "UIInterfaceOrientationPortrait UIInterfaceOrientationPortraitUpsideDown UIInterfaceOrientationLandscapeLeft UIInterfaceOrientationLandscapeRight";
				INFOPLIST_KEY_UISupportedInterfaceOrientations_iPhone = "UIInterfaceOrientationPortrait UIInterfaceOrientationLandscapeLeft UIInterfaceOrientationLandscapeRight";
				LD_RUNPATH_SEARCH_PATHS = (
					"$(inherited)",
					"@executable_path/Frameworks",
				);
				MARKETING_VERSION = 1.0;
				PRODUCT_BUNDLE_IDENTIFIER = apple.dev.LibraryFix;
				PRODUCT_NAME = "$(TARGET_NAME)";
				SWIFT_EMIT_LOC_STRINGS = YES;
				SWIFT_VERSION = 5.0;
				TARGETED_DEVICE_FAMILY = "1,2";
			};
			name = Release;
		};
		90769B952CF1E84800D0EC05 /* Debug */ = {
			isa = XCBuildConfiguration;
			buildSettings = {
				BUNDLE_LOADER = "$(TEST_HOST)";
				CODE_SIGN_STYLE = Automatic;
				CURRENT_PROJECT_VERSION = 1;
				DEVELOPMENT_TEAM = 4C9DP8TQPJ;
				GENERATE_INFOPLIST_FILE = YES;
				IPHONEOS_DEPLOYMENT_TARGET = 18.0;
				MARKETING_VERSION = 1.0;
				PRODUCT_BUNDLE_IDENTIFIER = apple.dev.LibraryFixTests;
				PRODUCT_NAME = "$(TARGET_NAME)";
				SWIFT_EMIT_LOC_STRINGS = NO;
				SWIFT_VERSION = 5.0;
				TARGETED_DEVICE_FAMILY = "1,2";
				TEST_HOST = "$(BUILT_PRODUCTS_DIR)/LibraryFix.app/$(BUNDLE_EXECUTABLE_FOLDER_PATH)/LibraryFix";
			};
			name = Debug;
		};
		90769B962CF1E84800D0EC05 /* Release */ = {
			isa = XCBuildConfiguration;
			buildSettings = {
				BUNDLE_LOADER = "$(TEST_HOST)";
				CODE_SIGN_STYLE = Automatic;
				CURRENT_PROJECT_VERSION = 1;
				DEVELOPMENT_TEAM = 4C9DP8TQPJ;
				GENERATE_INFOPLIST_FILE = YES;
				IPHONEOS_DEPLOYMENT_TARGET = 18.0;
				MARKETING_VERSION = 1.0;
				PRODUCT_BUNDLE_IDENTIFIER = apple.dev.LibraryFixTests;
				PRODUCT_NAME = "$(TARGET_NAME)";
				SWIFT_EMIT_LOC_STRINGS = NO;
				SWIFT_VERSION = 5.0;
				TARGETED_DEVICE_FAMILY = "1,2";
				TEST_HOST = "$(BUILT_PRODUCTS_DIR)/LibraryFix.app/$(BUNDLE_EXECUTABLE_FOLDER_PATH)/LibraryFix";
			};
			name = Release;
		};
		90769B982CF1E84800D0EC05 /* Debug */ = {
			isa = XCBuildConfiguration;
			buildSettings = {
				CODE_SIGN_STYLE = Automatic;
				CURRENT_PROJECT_VERSION = 1;
				DEVELOPMENT_TEAM = 4C9DP8TQPJ;
				GENERATE_INFOPLIST_FILE = YES;
				MARKETING_VERSION = 1.0;
				PRODUCT_BUNDLE_IDENTIFIER = apple.dev.LibraryFixUITests;
				PRODUCT_NAME = "$(TARGET_NAME)";
				SWIFT_EMIT_LOC_STRINGS = NO;
				SWIFT_VERSION = 5.0;
				TARGETED_DEVICE_FAMILY = "1,2";
				TEST_TARGET_NAME = LibraryFix;
			};
			name = Debug;
		};
		90769B992CF1E84800D0EC05 /* Release */ = {
			isa = XCBuildConfiguration;
			buildSettings = {
				CODE_SIGN_STYLE = Automatic;
				CURRENT_PROJECT_VERSION = 1;
				DEVELOPMENT_TEAM = 4C9DP8TQPJ;
				GENERATE_INFOPLIST_FILE = YES;
				MARKETING_VERSION = 1.0;
				PRODUCT_BUNDLE_IDENTIFIER = apple.dev.LibraryFixUITests;
				PRODUCT_NAME = "$(TARGET_NAME)";
				SWIFT_EMIT_LOC_STRINGS = NO;
				SWIFT_VERSION = 5.0;
				TARGETED_DEVICE_FAMILY = "1,2";
				TEST_TARGET_NAME = LibraryFix;
			};
			name = Release;
		};
/* End XCBuildConfiguration section */

/* Begin XCConfigurationList section */
		90769B682CF1E84700D0EC05 /* Build configuration list for PBXProject "LibraryFix" */ = {
			isa = XCConfigurationList;
			buildConfigurations = (
				90769B8F2CF1E84800D0EC05 /* Debug */,
				90769B902CF1E84800D0EC05 /* Release */,
			);
			defaultConfigurationIsVisible = 0;
			defaultConfigurationName = Release;
		};
		90769B912CF1E84800D0EC05 /* Build configuration list for PBXNativeTarget "LibraryFix" */ = {
			isa = XCConfigurationList;
			buildConfigurations = (
				90769B922CF1E84800D0EC05 /* Debug */,
				90769B932CF1E84800D0EC05 /* Release */,
			);
			defaultConfigurationIsVisible = 0;
			defaultConfigurationName = Release;
		};
		90769B942CF1E84800D0EC05 /* Build configuration list for PBXNativeTarget "LibraryFixTests" */ = {
			isa = XCConfigurationList;
			buildConfigurations = (
				90769B952CF1E84800D0EC05 /* Debug */,
				90769B962CF1E84800D0EC05 /* Release */,
			);
			defaultConfigurationIsVisible = 0;
			defaultConfigurationName = Release;
		};
		90769B972CF1E84800D0EC05 /* Build configuration list for PBXNativeTarget "LibraryFixUITests" */ = {
			isa = XCConfigurationList;
			buildConfigurations = (
				90769B982CF1E84800D0EC05 /* Debug */,
				90769B992CF1E84800D0EC05 /* Release */,
			);
			defaultConfigurationIsVisible = 0;
			defaultConfigurationName = Release;
		};
/* End XCConfigurationList section */
	};
	rootObject = 90769B652CF1E84700D0EC05 /* Project object */;
}
